{
  "pins" : [
    {
      "identity" : "golondonsdk-swift",
      "kind" : "remoteSourceControl",
      "location" : "https://github.com/Tom-Knighton/GoLondonSDK-Swift",
      "state" : {
        "revision" : "dfd13aad189e385106eb0a46eafda2f9cb766b09",
        "version" : "1.0.21"
      }
    }
  ],
  "version" : 2
}
